
Microsoft Visual Studio Solution File, Format Version 12.00
# Visual Studio Version 17
VisualStudioVersion = 17.7.34031.279
MinimumVisualStudioVersion = 10.0.40219.1
Project("{FAE04EC0-301F-11D3-BF4B-00C04F79EFBC}") = "Phase4EndPizzaPortal", "Phase4EndPizzaPortal\Phase4EndPizzaPortal.csproj", "{28D8A744-58D7-4084-ABE6-B81BE7531002}"
EndProject
Global
	GlobalSection(SolutionConfigurationPlatforms) = preSolution
		Debug|Any CPU = Debug|Any CPU
		Release|Any CPU = Release|Any CPU
	EndGlobalSection
	GlobalSection(ProjectConfigurationPlatforms) = postSolution
		{28D8A744-58D7-4084-ABE6-B81BE7531002}.Debug|Any CPU.ActiveCfg = Debug|Any CPU
		{28D8A744-58D7-4084-ABE6-B81BE7531002}.Debug|Any CPU.Build.0 = Debug|Any CPU
		{28D8A744-58D7-4084-ABE6-B81BE7531002}.Release|Any CPU.ActiveCfg = Release|Any CPU
		{28D8A744-58D7-4084-ABE6-B81BE7531002}.Release|Any CPU.Build.0 = Release|Any CPU
	EndGlobalSection
	GlobalSection(SolutionProperties) = preSolution
		HideSolutionNode = FALSE
	EndGlobalSection
	GlobalSection(ExtensibilityGlobals) = postSolution
		SolutionGuid = {F604011A-E136-4CDB-91C8-99D0D162DB7C}
	EndGlobalSection
EndGlobal
